
Microsoft Visual Studio Solution File, Format Version 12.00
# Visual Studio 15
VisualStudioVersion = 15.0.28307.421
MinimumVisualStudioVersion = 10.0.40219.1
Project("{FAE04EC0-301F-11D3-BF4B-00C04F79EFBC}") = "EserciziStringhe", "EserciziStringhe\EserciziStringhe.csproj", "{1C7949D1-5EFC-44CA-A1CD-A617112A1B31}"
EndProject
Project("{FAE04EC0-301F-11D3-BF4B-00C04F79EFBC}") = "ConsoleEsercizioStringhe", "ConsoleEsercizioStringhe\ConsoleEsercizioStringhe.csproj", "{226FACC8-FA01-4B25-805B-27643A61F7EA}"
EndProject
Global
	GlobalSection(SolutionConfigurationPlatforms) = preSolution
		Debug|Any CPU = Debug|Any CPU
		Release|Any CPU = Release|Any CPU
	EndGlobalSection
	GlobalSection(ProjectConfigurationPlatforms) = postSolution
		{1C7949D1-5EFC-44CA-A1CD-A617112A1B31}.Debug|Any CPU.ActiveCfg = Debug|Any CPU
		{1C7949D1-5EFC-44CA-A1CD-A617112A1B31}.Debug|Any CPU.Build.0 = Debug|Any CPU
		{1C7949D1-5EFC-44CA-A1CD-A617112A1B31}.Release|Any CPU.ActiveCfg = Release|Any CPU
		{1C7949D1-5EFC-44CA-A1CD-A617112A1B31}.Release|Any CPU.Build.0 = Release|Any CPU
		{226FACC8-FA01-4B25-805B-27643A61F7EA}.Debug|Any CPU.ActiveCfg = Debug|Any CPU
		{226FACC8-FA01-4B25-805B-27643A61F7EA}.Debug|Any CPU.Build.0 = Debug|Any CPU
		{226FACC8-FA01-4B25-805B-27643A61F7EA}.Release|Any CPU.ActiveCfg = Release|Any CPU
		{226FACC8-FA01-4B25-805B-27643A61F7EA}.Release|Any CPU.Build.0 = Release|Any CPU
	EndGlobalSection
	GlobalSection(SolutionProperties) = preSolution
		HideSolutionNode = FALSE
	EndGlobalSection
	GlobalSection(ExtensibilityGlobals) = postSolution
		SolutionGuid = {FFF47EE3-9A63-4004-8D88-7F705933052B}
	EndGlobalSection
EndGlobal
